# This file is autogenerated, do not edit; changes may be undone by the next 'dep ensure'.


[[projects]]
  digest = "1:a01080d20c45c031c13f3828c56e58f4f51d926a482ad10cc0316225097eb7ea"
  name = "github.com/go-stack/stack"
  packages = ["."]
  pruneopts = ""
  revision = "2fee6af1a9795aafbe0253a0cfbdf668e1fb8a9a"
  version = "v1.8.0"

[[projects]]
  branch = "master"
  digest = "1:1f497cdffb5f05ab967f7f53ba1b757146aa0f01aff712cbd47e47697fbf5957"
  name = "github.com/golang/protobuf"
  packages = [
    "proto",
    "ptypes",
    "ptypes/any",
    "ptypes/duration",
    "ptypes/timestamp",
  ]
  pruneopts = ""
  revision = "b285ee9cfc6c881bb20c0d8dc73370ea9b9ec90f"

[[projects]]
  digest = "1:ad92aa49f34cbc3546063c7eb2cabb55ee2278b72842eda80e2a20a8a06a8d73"
  name = "github.com/google/uuid"
  packages = ["."]
  pruneopts = ""
  revision = "0cd6bf5da1e1c83f8b45653022c74f71af0538a4"
  version = "v1.1.1"

[[projects]]
  digest = "1:117cc4dc07aae902342130db79bd9500dd7f168f04351ab22a56e3956d0e7237"
  name = "github.com/grafana/grafana"
  packages = [
    "pkg/components/simplejson",
    "pkg/infra/log",
    "pkg/util",
  ]
  pruneopts = ""
  revision = "483246016b914eb8037edce4b2f798f649bc53ce"
  version = "v6.3.2"

[[projects]]
  branch = "master"
  digest = "1:73460e6eaa31824af444a895e5858175883c73b88acc8df767a115b78b578ddb"
  name = "github.com/grafana/grafana_plugin_model"
  packages = ["go/datasource"]
  pruneopts = ""
  revision = "84176c64269d8060f99e750ee8aba6f062753336"

[[projects]]
  digest = "1:2f7a9df14614ced87f61688d9c08080e89d4a931232bf92a169e1b46b38566fe"
  name = "github.com/hashicorp/go-hclog"
  packages = ["."]
  pruneopts = ""
  revision = "5ccdce08c75b6c7b37af61159f13f6a4f5e2e928"
  version = "v0.9.2"

[[projects]]
  digest = "1:de20979176f5f326a028fd0d3698f4ec18f6921b46c9d68a35200355c6e8e6b9"
  name = "github.com/hashicorp/go-plugin"
  packages = ["."]
  pruneopts = ""
  revision = "e8d22c780116115ae5624720c9af0c97afe4f551"

[[projects]]
  branch = "master"
  digest = "1:f9a62feb8295380942889460d0008f9fc34c4ad288821efb2ec15168a91b3404"
  name = "github.com/hashicorp/yamux"
  packages = ["."]
  pruneopts = ""
  revision = "2f1d1f20f75d5404f53b9edf6b53ed5505508675"

[[projects]]
  digest = "1:a4fcebba8c1b8ae25dd31f1cfa6c6ed5b1e5719ab2e9e1c18e8c98969ebde215"
  name = "github.com/inconshreveable/log15"
  packages = ["."]
  pruneopts = ""
  revision = "67afb5ed74ec82fd7ac8f49d27c509ac6f991970"
  version = "v2.14"

[[projects]]
  digest = "1:d260ca4db8ced0871a1c06440b1e5835e2d982ed660ca529957d67f28cf24592"
  name = "github.com/mattn/go-colorable"
  packages = ["."]
  pruneopts = ""
  revision = "8029fb3788e5a4a9c00e415f586a6d033f5d38b3"
  version = "v0.1.2"

[[projects]]
  digest = "1:dbfae9da5a674236b914e486086671145b37b5e3880a38da906665aede3c9eab"
  name = "github.com/mattn/go-isatty"
  packages = ["."]
  pruneopts = ""
  revision = "1311e847b0cb909da63b5fecfb5370aa66236465"
  version = "v0.0.8"

[[projects]]
  digest = "1:9adf43f9a17af07a6d587e3b493e2111ad8e07283d5cd58e44e70d23bf6dc644"
  name = "github.com/mitchellh/go-testing-interface"
  packages = ["."]
  pruneopts = ""
  revision = "6d0b8010fcc857872e42fc6c931227569016843c"
  version = "v1.0.0"

[[projects]]
  digest = "1:94e9081cc450d2cdf4e6886fc2c06c07272f86477df2d74ee5931951fa3d2577"
  name = "github.com/oklog/run"
  packages = ["."]
  pruneopts = ""
  revision = "4dadeb3030eda0273a12382bb2348ffc7c9d1a39"
  version = "v1.0.0"

[[projects]]
  digest = "1:1d7e1867c49a6dd9856598ef7c3123604ea3daabf5b83f303ff457bcbc410b1d"
  name = "github.com/pkg/errors"
  packages = ["."]
  pruneopts = ""
  revision = "ba968bfe8b2f7e042a574c888954fccecfa385b4"
  version = "v0.8.1"

[[projects]]
  digest = "1:24591eb7046fda1191c2bed4d63d43710a45c3837e53b5fa9687189f91dd6d3e"
  name = "github.com/teris-io/shortid"
  packages = ["."]
  pruneopts = ""
  revision = "6c56cef5189ca1b3d5ef01dc07f4d611dfc0bb33"
  version = "v1.0"

[[projects]]
  branch = "master"
  digest = "1:e8dcab1991c5afb5f4cf88ebfbe7edc85407cc3c3a0768e705e10158b2036963"
  name = "golang.org/x/net"
  packages = [
    "context",
    "http/httpguts",
    "http2",
    "http2/hpack",
    "idna",
    "internal/timeseries",
    "trace",
  ]
  pruneopts = ""
  revision = "d28f0bde5980168871434b95cfc858db9f2a7a99"

[[projects]]
  branch = "master"
  digest = "1:6e7646c0e844c2dc1950f6f9ce089ef7b978241a6c789adccdba925136d50655"
  name = "golang.org/x/sys"
  packages = ["unix"]
  pruneopts = ""
  revision = "5ed2794edfdc1c54dfb61d619c5944285f35d444"

[[projects]]
  digest = "1:740b51a55815493a8d0f2b1e0d0ae48fe48953bf7eaf3fcc4198823bf67768c0"
  name = "golang.org/x/text"
  packages = [
    "collate",
    "collate/build",
    "internal/colltab",
    "internal/gen",
    "internal/language",
    "internal/language/compact",
    "internal/tag",
    "internal/triegen",
    "internal/ucd",
    "language",
    "secure/bidirule",
    "transform",
    "unicode/bidi",
    "unicode/cldr",
    "unicode/norm",
    "unicode/rangetable",
  ]
  pruneopts = ""
  revision = "342b2e1fbaa52c93f31447ad2c6abc048c63e475"
  version = "v0.3.2"

[[projects]]
  branch = "master"
  digest = "1:35b7c9c7e96aaebcd052de9c0b9787e22796a979e989408d7ce9a9a32de906d4"
  name = "google.golang.org/genproto"
  packages = ["googleapis/rpc/status"]
  pruneopts = ""
  revision = "a7e196e89fd3a3c4d103ca540bd5dac3a736e375"

[[projects]]
  digest = "1:6881653b963cd12dc1a9824aed5e122d0ff38e53e3ee07862f969a56ad2f2e9c"
  name = "google.golang.org/grpc"
  packages = [
    ".",
    "balancer",
    "balancer/base",
    "balancer/roundrobin",
    "binarylog/grpc_binarylog_v1",
    "codes",
    "connectivity",
    "credentials",
    "credentials/internal",
    "encoding",
    "encoding/proto",
    "grpclog",
    "health",
    "health/grpc_health_v1",
    "internal",
    "internal/backoff",
    "internal/balancerload",
    "internal/binarylog",
    "internal/channelz",
    "internal/envconfig",
    "internal/grpcrand",
    "internal/grpcsync",
    "internal/syscall",
    "internal/transport",
    "keepalive",
    "metadata",
    "naming",
    "peer",
    "resolver",
    "resolver/dns",
    "resolver/passthrough",
    "stats",
    "status",
    "tap",
  ]
  pruneopts = ""
  revision = "501c41df7f472c740d0674ff27122f3f48c80ce7"
  version = "v1.21.1"

[[projects]]
  digest = "1:c3f4f5bc77b998746a8061a52a2b8fb172c1744801165227692d702483995d58"
  name = "gopkg.in/ini.v1"
  packages = ["."]
  pruneopts = ""
  revision = "d4cae42d398bc0095297fc3315669590d29166ea"
  version = "v1.46.0"

[solve-meta]
  analyzer-name = "dep"
  analyzer-version = 1
  input-imports = [
    "github.com/google/uuid",
    "github.com/grafana/grafana/pkg/components/simplejson",
    "github.com/grafana/grafana/pkg/infra/log",
    "github.com/grafana/grafana_plugin_model/go/datasource",
    "github.com/hashicorp/go-plugin",
    "github.com/pkg/errors",
  ]
  solver-name = "gps-cdcl"
  solver-version = 1
